
Microsoft Visual Studio Solution File, Format Version 11.00
# Visual Studio 2010
Project("{4925A630-B079-445D-BCD4-3A9C94FE9307}") = "Iit.Fsharp.ProjectEulerSolutions", "ProjectEulerSolutions\Iit.Fsharp.ProjectEulerSolutions.fsproj", "{91B57331-B60B-49DB-BA61-36FDEA39B301}"
EndProject
Project("{4925A630-B079-445D-BCD4-3A9C94FE9307}") = "Iit.Fsharp.Toolkit", "Iit.Fsharp.Toolkit\Iit.Fsharp.Toolkit.fsproj", "{66C36CEE-756D-4C59-90A8-74EDE2C1A014}"
EndProject
Project("{2150E333-8FDC-42A3-9474-1A3956D46DE8}") = "Solution Items", "Solution Items", "{B0217CCE-7223-4CD4-AB68-C7BC6C0A0FD1}"
	ProjectSection(SolutionItems) = preProject
		build.fsx = build.fsx
	EndProjectSection
EndProject
Global
	GlobalSection(SolutionConfigurationPlatforms) = preSolution
		Debug|Any CPU = Debug|Any CPU
		Debug|x86 = Debug|x86
		Release|Any CPU = Release|Any CPU
		Release|x86 = Release|x86
	EndGlobalSection
	GlobalSection(ProjectConfigurationPlatforms) = postSolution
		{91B57331-B60B-49DB-BA61-36FDEA39B301}.Debug|Any CPU.ActiveCfg = Debug|Any CPU
		{91B57331-B60B-49DB-BA61-36FDEA39B301}.Debug|Any CPU.Build.0 = Debug|Any CPU
		{91B57331-B60B-49DB-BA61-36FDEA39B301}.Debug|x86.ActiveCfg = Debug|Any CPU
		{91B57331-B60B-49DB-BA61-36FDEA39B301}.Release|Any CPU.ActiveCfg = Debug|Any CPU
		{91B57331-B60B-49DB-BA61-36FDEA39B301}.Release|x86.ActiveCfg = Debug|Any CPU
		{66C36CEE-756D-4C59-90A8-74EDE2C1A014}.Debug|Any CPU.ActiveCfg = Debug|Any CPU
		{66C36CEE-756D-4C59-90A8-74EDE2C1A014}.Debug|Any CPU.Build.0 = Debug|Any CPU
		{66C36CEE-756D-4C59-90A8-74EDE2C1A014}.Debug|x86.ActiveCfg = Debug|Any CPU
		{66C36CEE-756D-4C59-90A8-74EDE2C1A014}.Release|Any CPU.ActiveCfg = Debug|Any CPU
		{66C36CEE-756D-4C59-90A8-74EDE2C1A014}.Release|Any CPU.Build.0 = Debug|Any CPU
		{66C36CEE-756D-4C59-90A8-74EDE2C1A014}.Release|x86.ActiveCfg = Debug|Any CPU
	EndGlobalSection
	GlobalSection(SolutionProperties) = preSolution
		HideSolutionNode = FALSE
	EndGlobalSection
	GlobalSection(MonoDevelopProperties) = preSolution
		StartupItem = ProjectEulerSolutions\Iit.Fsharp.ProjectEulerSolutions.fsproj
	EndGlobalSection
EndGlobal
